
Microsoft Visual Studio Solution File, Format Version 12.00
# Visual Studio Version 17
VisualStudioVersion = 17.11.35327.3
MinimumVisualStudioVersion = 10.0.40219.1
Project("{FAE04EC0-301F-11D3-BF4B-00C04F79EFBC}") = "Sem3Lab11Client", "Sem3Lab11Client.csproj", "{331537F1-3064-45CF-9EFE-652CC5D446CB}"
EndProject
Global
	GlobalSection(SolutionConfigurationPlatforms) = preSolution
		Debug|Any CPU = Debug|Any CPU
		Release|Any CPU = Release|Any CPU
	EndGlobalSection
	GlobalSection(ProjectConfigurationPlatforms) = postSolution
		{331537F1-3064-45CF-9EFE-652CC5D446CB}.Debug|Any CPU.ActiveCfg = Debug|Any CPU
		{331537F1-3064-45CF-9EFE-652CC5D446CB}.Debug|Any CPU.Build.0 = Debug|Any CPU
		{331537F1-3064-45CF-9EFE-652CC5D446CB}.Release|Any CPU.ActiveCfg = Release|Any CPU
		{331537F1-3064-45CF-9EFE-652CC5D446CB}.Release|Any CPU.Build.0 = Release|Any CPU
	EndGlobalSection
	GlobalSection(SolutionProperties) = preSolution
		HideSolutionNode = FALSE
	EndGlobalSection
	GlobalSection(ExtensibilityGlobals) = postSolution
		SolutionGuid = {999F269B-645A-433B-BC48-CB69221A9837}
	EndGlobalSection
EndGlobal
